
Microsoft Visual Studio Solution File, Format Version 12.00
# Visual Studio Version 17
VisualStudioVersion = 17.8.34511.84
MinimumVisualStudioVersion = 10.0.40219.1
Project("{FAE04EC0-301F-11D3-BF4B-00C04F79EFBC}") = "Frazione", "Frazione\Frazione.csproj", "{257C037C-6CC1-4D77-9399-D780943FFEBA}"
EndProject
Global
	GlobalSection(SolutionConfigurationPlatforms) = preSolution
		Debug|Any CPU = Debug|Any CPU
		Release|Any CPU = Release|Any CPU
	EndGlobalSection
	GlobalSection(ProjectConfigurationPlatforms) = postSolution
		{257C037C-6CC1-4D77-9399-D780943FFEBA}.Debug|Any CPU.ActiveCfg = Debug|Any CPU
		{257C037C-6CC1-4D77-9399-D780943FFEBA}.Debug|Any CPU.Build.0 = Debug|Any CPU
		{257C037C-6CC1-4D77-9399-D780943FFEBA}.Release|Any CPU.ActiveCfg = Release|Any CPU
		{257C037C-6CC1-4D77-9399-D780943FFEBA}.Release|Any CPU.Build.0 = Release|Any CPU
	EndGlobalSection
	GlobalSection(SolutionProperties) = preSolution
		HideSolutionNode = FALSE
	EndGlobalSection
	GlobalSection(ExtensibilityGlobals) = postSolution
		SolutionGuid = {15D7239A-5D9C-4B98-8F74-E0595E370F3B}
	EndGlobalSection
EndGlobal
